{
  "name": "avdarN",
  "lockfileVersion": 2,
  "requires": true,
  "packages": {
    "": {
      "dependencies": {
        "build-js": "^1.0.0"
      }
    },
    "node_modules/build-js": {
      "version": "1.0.0",
      "resolved": "https://registry.npmjs.org/build-js/-/build-js-1.0.0.tgz",
      "integrity": "sha1-nnaFqQdxsSX1CsxJpiIExknvU8I="
    }
  },
  "dependencies": {
    "build-js": {
      "version": "1.0.0",
      "resolved": "https://registry.npmjs.org/build-js/-/build-js-1.0.0.tgz",
      "integrity": "sha1-nnaFqQdxsSX1CsxJpiIExknvU8I="
    }
  }
}
